// !$*UTF8*$!
{
	archiveVersion = 1;
	classes = {
	};
	objectVersion = 46;
	objects = {

/* Begin PBXBuildFile section */
		9A0D82091ADF7FA600FC4D81 /* main.m in Sources */ = {isa = PBXBuildFile; fileRef = 9A0D82081ADF7FA600FC4D81 /* main.m */; };
		9A0D820C1ADF7FA600FC4D81 /* AppDelegate.m in Sources */ = {isa = PBXBuildFile; fileRef = 9A0D820B1ADF7FA600FC4D81 /* AppDelegate.m */; };
		9A0D820F1ADF7FA600FC4D81 /* ViewController.m in Sources */ = {isa = PBXBuildFile; fileRef = 9A0D820E1ADF7FA600FC4D81 /* ViewController.m */; };
		9A0D82141ADF7FA600FC4D81 /* Images.xcassets in Resources */ = {isa = PBXBuildFile; fileRef = 9A0D82131ADF7FA600FC4D81 /* Images.xcassets */; };
		9A0D82231ADF7FA600FC4D81 /* UIWindowTests.m in Sources */ = {isa = PBXBuildFile; fileRef = 9A0D82221ADF7FA600FC4D81 /* UIWindowTests.m */; };
/* End PBXBuildFile section */

/* Begin PBXContainerItemProxy section */
		9A0D821D1ADF7FA600FC4D81 /* PBXContainerItemProxy */ = {
			isa = PBXContainerItemProxy;
			containerPortal = 9A0D81FB1ADF7FA600FC4D81 /* Project object */;
			proxyType = 1;
			remoteGlobalIDString = 9A0D82021ADF7FA600FC4D81;
			remoteInfo = UIWindow;
		};
/* End PBXContainerItemProxy section */

/* Begin PBXFileReference section */
		9A0D82031ADF7FA600FC4D81 /* UIWindow.app */ = {isa = PBXFileReference; explicitFileType = wrapper.application; includeInIndex = 0; path = UIWindow.app; sourceTree = BUILT_PRODUCTS_DIR; };
		9A0D82071ADF7FA600FC4D81 /* Info.plist */ = {isa = PBXFileReference; lastKnownFileType = text.plist.xml; path = Info.plist; sourceTree = "<group>"; };
		9A0D82081ADF7FA600FC4D81 /* main.m */ = {isa = PBXFileReference; lastKnownFileType = sourcecode.c.objc; path = main.m; sourceTree = "<group>"; };
		9A0D820A1ADF7FA600FC4D81 /* AppDelegate.h */ = {isa = PBXFileReference; lastKnownFileType = sourcecode.c.h; path = AppDelegate.h; sourceTree = "<group>"; };
		9A0D820B1ADF7FA600FC4D81 /* AppDelegate.m */ = {isa = PBXFileReference; lastKnownFileType = sourcecode.c.objc; path = AppDelegate.m; sourceTree = "<group>"; };
		9A0D820D1ADF7FA600FC4D81 /* ViewController.h */ = {isa = PBXFileReference; lastKnownFileType = sourcecode.c.h; path = ViewController.h; sourceTree = "<group>"; };
		9A0D820E1ADF7FA600FC4D81 /* ViewController.m */ = {isa = PBXFileReference; lastKnownFileType = sourcecode.c.objc; path = ViewController.m; sourceTree = "<group>"; };
		9A0D82131ADF7FA600FC4D81 /* Images.xcassets */ = {isa = PBXFileReference; lastKnownFileType = folder.assetcatalog; path = Images.xcassets; sourceTree = "<group>"; };
		9A0D821C1ADF7FA600FC4D81 /* UIWindowTests.xctest */ = {isa = PBXFileReference; explicitFileType = wrapper.cfbundle; includeInIndex = 0; path = UIWindowTests.xctest; sourceTree = BUILT_PRODUCTS_DIR; };
		9A0D82211ADF7FA600FC4D81 /* Info.plist */ = {isa = PBXFileReference; lastKnownFileType = text.plist.xml; path = Info.plist; sourceTree = "<group>"; };
		9A0D82221ADF7FA600FC4D81 /* UIWindowTests.m */ = {isa = PBXFileReference; lastKnownFileType = sourcecode.c.objc; path = UIWindowTests.m; sourceTree = "<group>"; };
/* End PBXFileReference section */

/* Begin PBXFrameworksBuildPhase section */
		9A0D82001ADF7FA600FC4D81 /* Frameworks */ = {
			isa = PBXFrameworksBuildPhase;
			buildActionMask = 2147483647;
			files = (
			);
			runOnlyForDeploymentPostprocessing = 0;
		};
		9A0D82191ADF7FA600FC4D81 /* Frameworks */ = {
			isa = PBXFrameworksBuildPhase;
			buildActionMask = 2147483647;
			files = (
			);
			runOnlyForDeploymentPostprocessing = 0;
		};
/* End PBXFrameworksBuildPhase section */

/* Begin PBXGroup section */
		9A0D81FA1ADF7FA600FC4D81 = {
			isa = PBXGroup;
			children = (
				9A0D82051ADF7FA600FC4D81 /* UIWindow */,
				9A0D821F1ADF7FA600FC4D81 /* UIWindowTests */,
				9A0D82041ADF7FA600FC4D81 /* Products */,
			);
			sourceTree = "<group>";
		};
		9A0D82041ADF7FA600FC4D81 /* Products */ = {
			isa = PBXGroup;
			children = (
				9A0D82031ADF7FA600FC4D81 /* UIWindow.app */,
				9A0D821C1ADF7FA600FC4D81 /* UIWindowTests.xctest */,
			);
			name = Products;
			sourceTree = "<group>";
		};
		9A0D82051ADF7FA600FC4D81 /* UIWindow */ = {
			isa = PBXGroup;
			children = (
				9A0D820A1ADF7FA600FC4D81 /* AppDelegate.h */,
				9A0D820B1ADF7FA600FC4D81 /* AppDelegate.m */,
				9A0D820D1ADF7FA600FC4D81 /* ViewController.h */,
				9A0D820E1ADF7FA600FC4D81 /* ViewController.m */,
				9A0D82131ADF7FA600FC4D81 /* Images.xcassets */,
				9A0D82061ADF7FA600FC4D81 /* Supporting Files */,
			);
			path = UIWindow;
			sourceTree = "<group>";
		};
		9A0D82061ADF7FA600FC4D81 /* Supporting Files */ = {
			isa = PBXGroup;
			children = (
				9A0D82071ADF7FA600FC4D81 /* Info.plist */,
				9A0D82081ADF7FA600FC4D81 /* main.m */,
			);
			name = "Supporting Files";
			sourceTree = "<group>";
		};
		9A0D821F1ADF7FA600FC4D81 /* UIWindowTests */ = {
			isa = PBXGroup;
			children = (
				9A0D82221ADF7FA600FC4D81 /* UIWindowTests.m */,
				9A0D82201ADF7FA600FC4D81 /* Supporting Files */,
			);
			path = UIWindowTests;
			sourceTree = "<group>";
		};
		9A0D82201ADF7FA600FC4D81 /* Supporting Files */ = {
			isa = PBXGroup;
			children = (
				9A0D82211ADF7FA600FC4D81 /* Info.plist */,
			);
			name = "Supporting Files";
			sourceTree = "<group>";
		};
/* End PBXGroup section */

/* Begin PBXNativeTarget section */
		9A0D82021ADF7FA600FC4D81 /* UIWindow */ = {
			isa = PBXNativeTarget;
			buildConfigurationList = 9A0D82261ADF7FA600FC4D81 /* Build configuration list for PBXNativeTarget "UIWindow" */;
			buildPhases = (
				9A0D81FF1ADF7FA600FC4D81 /* Sources */,
				9A0D82001ADF7FA600FC4D81 /* Frameworks */,
				9A0D82011ADF7FA600FC4D81 /* Resources */,
			);
			buildRules = (
			);
			dependencies = (
			);
			name = UIWindow;
			productName = UIWindow;
			productReference = 9A0D82031ADF7FA600FC4D81 /* UIWindow.app */;
			productType = "com.apple.product-type.application";
		};
		9A0D821B1ADF7FA600FC4D81 /* UIWindowTests */ = {
			isa = PBXNativeTarget;
			buildConfigurationList = 9A0D82291ADF7FA600FC4D81 /* Build configuration list for PBXNativeTarget "UIWindowTests" */;
			buildPhases = (
				9A0D82181ADF7FA600FC4D81 /* Sources */,
				9A0D82191ADF7FA600FC4D81 /* Frameworks */,
				9A0D821A1ADF7FA600FC4D81 /* Resources */,
			);
			buildRules = (
			);
			dependencies = (
				9A0D821E1ADF7FA600FC4D81 /* PBXTargetDependency */,
			);
			name = UIWindowTests;
			productName = UIWindowTests;
			productReference = 9A0D821C1ADF7FA600FC4D81 /* UIWindowTests.xctest */;
			productType = "com.apple.product-type.bundle.unit-test";
		};
/* End PBXNativeTarget section */

/* Begin PBXProject section */
		9A0D81FB1ADF7FA600FC4D81 /* Project object */ = {
			isa = PBXProject;
			attributes = {
				LastUpgradeCheck = 0630;
				ORGANIZATIONNAME = fiattt;
				TargetAttributes = {
					9A0D82021ADF7FA600FC4D81 = {
						CreatedOnToolsVersion = 6.3;
					};
					9A0D821B1ADF7FA600FC4D81 = {
						CreatedOnToolsVersion = 6.3;
						TestTargetID = 9A0D82021ADF7FA600FC4D81;
					};
				};
			};
			buildConfigurationList = 9A0D81FE1ADF7FA600FC4D81 /* Build configuration list for PBXProject "UIWindow" */;
			compatibilityVersion = "Xcode 3.2";
			developmentRegion = English;
			hasScannedForEncodings = 0;
			knownRegions = (
				en,
				Base,
			);
			mainGroup = 9A0D81FA1ADF7FA600FC4D81;
			productRefGroup = 9A0D82041ADF7FA600FC4D81 /* Products */;
			projectDirPath = "";
			projectRoot = "";
			targets = (
				9A0D82021ADF7FA600FC4D81 /* UIWindow */,
				9A0D821B1ADF7FA600FC4D81 /* UIWindowTests */,
			);
		};
/* End PBXProject section */

/* Begin PBXResourcesBuildPhase section */
		9A0D82011ADF7FA600FC4D81 /* Resources */ = {
			isa = PBXResourcesBuildPhase;
			buildActionMask = 2147483647;
			files = (
				9A0D82141ADF7FA600FC4D81 /* Images.xcassets in Resources */,
			);
			runOnlyForDeploymentPostprocessing = 0;
		};
		9A0D821A1ADF7FA600FC4D81 /* Resources */ = {
			isa = PBXResourcesBuildPhase;
			buildActionMask = 2147483647;
			files = (
			);
			runOnlyForDeploymentPostprocessing = 0;
		};
/* End PBXResourcesBuildPhase section */

/* Begin PBXSourcesBuildPhase section */
		9A0D81FF1ADF7FA600FC4D81 /* Sources */ = {
			isa = PBXSourcesBuildPhase;
			buildActionMask = 2147483647;
			files = (
				9A0D820F1ADF7FA600FC4D81 /* ViewController.m in Sources */,
				9A0D820C1ADF7FA600FC4D81 /* AppDelegate.m in Sources */,
				9A0D82091ADF7FA600FC4D81 /* main.m in Sources */,
			);
			runOnlyForDeploymentPostprocessing = 0;
		};
		9A0D82181ADF7FA600FC4D81 /* Sources */ = {
			isa = PBXSourcesBuildPhase;
			buildActionMask = 2147483647;
			files = (
				9A0D82231ADF7FA600FC4D81 /* UIWindowTests.m in Sources */,
			);
			runOnlyForDeploymentPostprocessing = 0;
		};
/* End PBXSourcesBuildPhase section */

/* Begin PBXTargetDependency section */
		9A0D821E1ADF7FA600FC4D81 /* PBXTargetDependency */ = {
			isa = PBXTargetDependency;
			target = 9A0D82021ADF7FA600FC4D81 /* UIWindow */;
			targetProxy = 9A0D821D1ADF7FA600FC4D81 /* PBXContainerItemProxy */;
		};
/* End PBXTargetDependency section */

/* Begin XCBuildConfiguration section */
		9A0D82241ADF7FA600FC4D81 /* Debug */ = {
			isa = XCBuildConfiguration;
			buildSettings = {
				ALWAYS_SEARCH_USER_PATHS = NO;
				CLANG_CXX_LANGUAGE_STANDARD = "gnu++0x";
				CLANG_CXX_LIBRARY = "libc++";
				CLANG_ENABLE_MODULES = YES;
				CLANG_ENABLE_OBJC_ARC = YES;
				CLANG_WARN_BOOL_CONVERSION = YES;
				CLANG_WARN_CONSTANT_CONVERSION = YES;
				CLANG_WARN_DIRECT_OBJC_ISA_USAGE = YES_ERROR;
				CLANG_WARN_EMPTY_BODY = YES;
				CLANG_WARN_ENUM_CONVERSION = YES;
				CLANG_WARN_INT_CONVERSION = YES;
				CLANG_WARN_OBJC_ROOT_CLASS = YES_ERROR;
				CLANG_WARN_UNREACHABLE_CODE = YES;
				CLANG_WARN__DUPLICATE_METHOD_MATCH = YES;
				"CODE_SIGN_IDENTITY[sdk=iphoneos*]" = "iPhone Developer";
				COPY_PHASE_STRIP = NO;
				DEBUG_INFORMATION_FORMAT = "dwarf-with-dsym";
				ENABLE_STRICT_OBJC_MSGSEND = YES;
				GCC_C_LANGUAGE_STANDARD = gnu99;
				GCC_DYNAMIC_NO_PIC = NO;
				GCC_NO_COMMON_BLOCKS = YES;
				GCC_OPTIMIZATION_LEVEL = 0;
				GCC_PREPROCESSOR_DEFINITIONS = (
					"DEBUG=1",
					"$(inherited)",
				);
				GCC_SYMBOLS_PRIVATE_EXTERN = NO;
				GCC_WARN_64_TO_32_BIT_CONVERSION = YES;
				GCC_WARN_ABOUT_RETURN_TYPE = YES_ERROR;
				GCC_WARN_UNDECLARED_SELECTOR = YES;
				GCC_WARN_UNINITIALIZED_AUTOS = YES_AGGRESSIVE;
				GCC_WARN_UNUSED_FUNCTION = YES;
				GCC_WARN_UNUSED_VARIABLE = YES;
				IPHONEOS_DEPLOYMENT_TARGET = 8.3;
				MTL_ENABLE_DEBUG_INFO = YES;
				ONLY_ACTIVE_ARCH = YES;
				SDKROOT = iphoneos;
			};
			name = Debug;
		};
		9A0D82251ADF7FA600FC4D81 /* Release */ = {
			isa = XCBuildConfiguration;
			buildSettings = {
				ALWAYS_SEARCH_USER_PATHS = NO;
				CLANG_CXX_LANGUAGE_STANDARD = "gnu++0x";
				CLANG_CXX_LIBRARY = "libc++";
				CLANG_ENABLE_MODULES = YES;
				CLANG_ENABLE_OBJC_ARC = YES;
				CLANG_WARN_BOOL_CONVERSION = YES;
				CLANG_WARN_CONSTANT_CONVERSION = YES;
				CLANG_WARN_DIRECT_OBJC_ISA_USAGE = YES_ERROR;
				CLANG_WARN_EMPTY_BODY = YES;
				CLANG_WARN_ENUM_CONVERSION = YES;
				CLANG_WARN_INT_CONVERSION = YES;
				CLANG_WARN_OBJC_ROOT_CLASS = YES_ERROR;
				CLANG_WARN_UNREACHABLE_CODE = YES;
				CLANG_WARN__DUPLICATE_METHOD_MATCH = YES;
				"CODE_SIGN_IDENTITY[sdk=iphoneos*]" = "iPhone Developer";
				COPY_PHASE_STRIP = NO;
				DEBUG_INFORMATION_FORMAT = "dwarf-with-dsym";
				ENABLE_NS_ASSERTIONS = NO;
				ENABLE_STRICT_OBJC_MSGSEND = YES;
				GCC_C_LANGUAGE_STANDARD = gnu99;
				GCC_NO_COMMON_BLOCKS = YES;
				GCC_WARN_64_TO_32_BIT_CONVERSION = YES;
				GCC_WARN_ABOUT_RETURN_TYPE = YES_ERROR;
				GCC_WARN_UNDECLARED_SELECTOR = YES;
				GCC_WARN_UNINITIALIZED_AUTOS = YES_AGGRESSIVE;
				GCC_WARN_UNUSED_FUNCTION = YES;
				GCC_WARN_UNUSED_VARIABLE = YES;
				IPHONEOS_DEPLOYMENT_TARGET = 8.3;
				MTL_ENABLE_DEBUG_INFO = NO;
				SDKROOT = iphoneos;
				VALIDATE_PRODUCT = YES;
			};
			name = Release;
		};
		9A0D82271ADF7FA600FC4D81 /* Debug */ = {
			isa = XCBuildConfiguration;
			buildSettings = {
				ASSETCATALOG_COMPILER_APPICON_NAME = AppIcon;
				INFOPLIST_FILE = UIWindow/Info.plist;
				LD_RUNPATH_SEARCH_PATHS = "$(inherited) @executable_path/Frameworks";
				PRODUCT_NAME = "$(TARGET_NAME)";
			};
			name = Debug;
		};
		9A0D82281ADF7FA600FC4D81 /* Release */ = {
			isa = XCBuildConfiguration;
			buildSettings = {
				ASSETCATALOG_COMPILER_APPICON_NAME = AppIcon;
				INFOPLIST_FILE = UIWindow/Info.plist;
				LD_RUNPATH_SEARCH_PATHS = "$(inherited) @executable_path/Frameworks";
				PRODUCT_NAME = "$(TARGET_NAME)";
			};
			name = Release;
		};
		9A0D822A1ADF7FA600FC4D81 /* Debug */ = {
			isa = XCBuildConfiguration;
			buildSettings = {
				BUNDLE_LOADER = "$(TEST_HOST)";
				FRAMEWORK_SEARCH_PATHS = (
					"$(SDKROOT)/Developer/Library/Frameworks",
					"$(inherited)",
				);
				GCC_PREPROCESSOR_DEFINITIONS = (
					"DEBUG=1",
					"$(inherited)",
				);
				INFOPLIST_FILE = UIWindowTests/Info.plist;
				LD_RUNPATH_SEARCH_PATHS = "$(inherited) @executable_path/Frameworks @loader_path/Frameworks";
				PRODUCT_NAME = "$(TARGET_NAME)";
				TEST_HOST = "$(BUILT_PRODUCTS_DIR)/UIWindow.app/UIWindow";
			};
			name = Debug;
		};
		9A0D822B1ADF7FA600FC4D81 /* Release */ = {
			isa = XCBuildConfiguration;
			buildSettings = {
				BUNDLE_LOADER = "$(TEST_HOST)";
				FRAMEWORK_SEARCH_PATHS = (
					"$(SDKROOT)/Developer/Library/Frameworks",
					"$(inherited)",
				);
				INFOPLIST_FILE = UIWindowTests/Info.plist;
				LD_RUNPATH_SEARCH_PATHS = "$(inherited) @executable_path/Frameworks @loader_path/Frameworks";
				PRODUCT_NAME = "$(TARGET_NAME)";
				TEST_HOST = "$(BUILT_PRODUCTS_DIR)/UIWindow.app/UIWindow";
			};
			name = Release;
		};
/* End XCBuildConfiguration section */

/* Begin XCConfigurationList section */
		9A0D81FE1ADF7FA600FC4D81 /* Build configuration list for PBXProject "UIWindow" */ = {
			isa = XCConfigurationList;
			buildConfigurations = (
				9A0D82241ADF7FA600FC4D81 /* Debug */,
				9A0D82251ADF7FA600FC4D81 /* Release */,
			);
			defaultConfigurationIsVisible = 0;
			defaultConfigurationName = Release;
		};
		9A0D82261ADF7FA600FC4D81 /* Build configuration list for PBXNativeTarget "UIWindow" */ = {
			isa = XCConfigurationList;
			buildConfigurations = (
				9A0D82271ADF7FA600FC4D81 /* Debug */,
				9A0D82281ADF7FA600FC4D81 /* Release */,
			);
			defaultConfigurationIsVisible = 0;
		};
		9A0D82291ADF7FA600FC4D81 /* Build configuration list for PBXNativeTarget "UIWindowTests" */ = {
			isa = XCConfigurationList;
			buildConfigurations = (
				9A0D822A1ADF7FA600FC4D81 /* Debug */,
				9A0D822B1ADF7FA600FC4D81 /* Release */,
			);
			defaultConfigurationIsVisible = 0;
		};
/* End XCConfigurationList section */
	};
	rootObject = 9A0D81FB1ADF7FA600FC4D81 /* Project object */;
}
